// !$*UTF8*$!
{
	archiveVersion = 1;
	classes = {
	};
	objectVersion = 56;
	objects = {

/* Begin PBXBuildFile section */
		03814F4E2CD439580036A90F /* CustomSlider.swift in Sources */ = {isa = PBXBuildFile; fileRef = 03814F4D2CD439580036A90F /* CustomSlider.swift */; };
		03814F512CD53A260036A90F /* background-music.mp3 in Resources */ = {isa = PBXBuildFile; fileRef = 03814F502CD53A250036A90F /* background-music.mp3 */; };
		03814F532CD561EB0036A90F /* VolumeControlViewModel.swift in Sources */ = {isa = PBXBuildFile; fileRef = 03814F522CD561EB0036A90F /* VolumeControlViewModel.swift */; };
		03814F562CD565D70036A90F /* UIApplication+Extensions.swift in Sources */ = {isa = PBXBuildFile; fileRef = 03814F552CD565D70036A90F /* UIApplication+Extensions.swift */; };
		03DBB02F2CD40AB500E288F4 /* VolumeControlApp.swift in Sources */ = {isa = PBXBuildFile; fileRef = 03DBB02E2CD40AB500E288F4 /* VolumeControlApp.swift */; };
		03DBB0312CD40AB500E288F4 /* ContentView.swift in Sources */ = {isa = PBXBuildFile; fileRef = 03DBB0302CD40AB500E288F4 /* ContentView.swift */; };
		03DBB0332CD40AB600E288F4 /* Assets.xcassets in Resources */ = {isa = PBXBuildFile; fileRef = 03DBB0322CD40AB600E288F4 /* Assets.xcassets */; };
		03DBB0362CD40AB600E288F4 /* Preview Assets.xcassets in Resources */ = {isa = PBXBuildFile; fileRef = 03DBB0352CD40AB600E288F4 /* Preview Assets.xcassets */; };
		03DBB0402CD40AB600E288F4 /* VolumeControlTests.swift in Sources */ = {isa = PBXBuildFile; fileRef = 03DBB03F2CD40AB600E288F4 /* VolumeControlTests.swift */; };
		03DBB04A2CD40AB600E288F4 /* VolumeControlUITests.swift in Sources */ = {isa = PBXBuildFile; fileRef = 03DBB0492CD40AB600E288F4 /* VolumeControlUITests.swift */; };
		03DBB04C2CD40AB600E288F4 /* VolumeControlUITestsLaunchTests.swift in Sources */ = {isa = PBXBuildFile; fileRef = 03DBB04B2CD40AB600E288F4 /* VolumeControlUITestsLaunchTests.swift */; };
/* End PBXBuildFile section */

/* Begin PBXContainerItemProxy section */
		03DBB03C2CD40AB600E288F4 /* PBXContainerItemProxy */ = {
			isa = PBXContainerItemProxy;
			containerPortal = 03DBB0232CD40AB500E288F4 /* Project object */;
			proxyType = 1;
			remoteGlobalIDString = 03DBB02A2CD40AB500E288F4;
			remoteInfo = VolumeControl;
		};
		03DBB0462CD40AB600E288F4 /* PBXContainerItemProxy */ = {
			isa = PBXContainerItemProxy;
			containerPortal = 03DBB0232CD40AB500E288F4 /* Project object */;
			proxyType = 1;
			remoteGlobalIDString = 03DBB02A2CD40AB500E288F4;
			remoteInfo = VolumeControl;
		};
/* End PBXContainerItemProxy section */

/* Begin PBXFileReference section */
		03814F4D2CD439580036A90F /* CustomSlider.swift */ = {isa = PBXFileReference; lastKnownFileType = sourcecode.swift; path = CustomSlider.swift; sourceTree = "<group>"; };
		03814F502CD53A250036A90F /* background-music.mp3 */ = {isa = PBXFileReference; lastKnownFileType = audio.mp3; path = "background-music.mp3"; sourceTree = "<group>"; };
		03814F522CD561EB0036A90F /* VolumeControlViewModel.swift */ = {isa = PBXFileReference; lastKnownFileType = sourcecode.swift; path = VolumeControlViewModel.swift; sourceTree = "<group>"; };
		03814F552CD565D70036A90F /* UIApplication+Extensions.swift */ = {isa = PBXFileReference; lastKnownFileType = sourcecode.swift; path = "UIApplication+Extensions.swift"; sourceTree = "<group>"; };
		03DBB02B2CD40AB500E288F4 /* VolumeControl.app */ = {isa = PBXFileReference; explicitFileType = wrapper.application; includeInIndex = 0; path = VolumeControl.app; sourceTree = BUILT_PRODUCTS_DIR; };
		03DBB02E2CD40AB500E288F4 /* VolumeControlApp.swift */ = {isa = PBXFileReference; lastKnownFileType = sourcecode.swift; path = VolumeControlApp.swift; sourceTree = "<group>"; };
		03DBB0302CD40AB500E288F4 /* ContentView.swift */ = {isa = PBXFileReference; lastKnownFileType = sourcecode.swift; path = ContentView.swift; sourceTree = "<group>"; };
		03DBB0322CD40AB600E288F4 /* Assets.xcassets */ = {isa = PBXFileReference; lastKnownFileType = folder.assetcatalog; path = Assets.xcassets; sourceTree = "<group>"; };
		03DBB0352CD40AB600E288F4 /* Preview Assets.xcassets */ = {isa = PBXFileReference; lastKnownFileType = folder.assetcatalog; path = "Preview Assets.xcassets"; sourceTree = "<group>"; };
		03DBB03B2CD40AB600E288F4 /* VolumeControlTests.xctest */ = {isa = PBXFileReference; explicitFileType = wrapper.cfbundle; includeInIndex = 0; path = VolumeControlTests.xctest; sourceTree = BUILT_PRODUCTS_DIR; };
		03DBB03F2CD40AB600E288F4 /* VolumeControlTests.swift */ = {isa = PBXFileReference; lastKnownFileType = sourcecode.swift; path = VolumeControlTests.swift; sourceTree = "<group>"; };
		03DBB0452CD40AB600E288F4 /* VolumeControlUITests.xctest */ = {isa = PBXFileReference; explicitFileType = wrapper.cfbundle; includeInIndex = 0; path = VolumeControlUITests.xctest; sourceTree = BUILT_PRODUCTS_DIR; };
		03DBB0492CD40AB600E288F4 /* VolumeControlUITests.swift */ = {isa = PBXFileReference; lastKnownFileType = sourcecode.swift; path = VolumeControlUITests.swift; sourceTree = "<group>"; };
		03DBB04B2CD40AB600E288F4 /* VolumeControlUITestsLaunchTests.swift */ = {isa = PBXFileReference; lastKnownFileType = sourcecode.swift; path = VolumeControlUITestsLaunchTests.swift; sourceTree = "<group>"; };
/* End PBXFileReference section */

/* Begin PBXFrameworksBuildPhase section */
		03DBB0282CD40AB500E288F4 /* Frameworks */ = {
			isa = PBXFrameworksBuildPhase;
			buildActionMask = 2147483647;
			files = (
			);
			runOnlyForDeploymentPostprocessing = 0;
		};
		03DBB0382CD40AB600E288F4 /* Frameworks */ = {
			isa = PBXFrameworksBuildPhase;
			buildActionMask = 2147483647;
			files = (
			);
			runOnlyForDeploymentPostprocessing = 0;
		};
		03DBB0422CD40AB600E288F4 /* Frameworks */ = {
			isa = PBXFrameworksBuildPhase;
			buildActionMask = 2147483647;
			files = (
			);
			runOnlyForDeploymentPostprocessing = 0;
		};
/* End PBXFrameworksBuildPhase section */

/* Begin PBXGroup section */
		03814F492CD42EA40036A90F /* ViewModels */ = {
			isa = PBXGroup;
			children = (
				03814F522CD561EB0036A90F /* VolumeControlViewModel.swift */,
			);
			path = ViewModels;
			sourceTree = "<group>";
		};
		03814F4A2CD42EB00036A90F /* Views */ = {
			isa = PBXGroup;
			children = (
				03DBB0302CD40AB500E288F4 /* ContentView.swift */,
				03814F4D2CD439580036A90F /* CustomSlider.swift */,
			);
			path = Views;
			sourceTree = "<group>";
		};
		03814F4F2CD53A140036A90F /* Resources */ = {
			isa = PBXGroup;
			children = (
				03814F502CD53A250036A90F /* background-music.mp3 */,
			);
			path = Resources;
			sourceTree = "<group>";
		};
		03814F542CD565CC0036A90F /* Utilities */ = {
			isa = PBXGroup;
			children = (
				03814F552CD565D70036A90F /* UIApplication+Extensions.swift */,
			);
			path = Utilities;
			sourceTree = "<group>";
		};
		03DBB0222CD40AB500E288F4 = {
			isa = PBXGroup;
			children = (
				03DBB02D2CD40AB500E288F4 /* VolumeControl */,
				03DBB03E2CD40AB600E288F4 /* VolumeControlTests */,
				03DBB0482CD40AB600E288F4 /* VolumeControlUITests */,
				03DBB02C2CD40AB500E288F4 /* Products */,
			);
			sourceTree = "<group>";
		};
		03DBB02C2CD40AB500E288F4 /* Products */ = {
			isa = PBXGroup;
			children = (
				03DBB02B2CD40AB500E288F4 /* VolumeControl.app */,
				03DBB03B2CD40AB600E288F4 /* VolumeControlTests.xctest */,
				03DBB0452CD40AB600E288F4 /* VolumeControlUITests.xctest */,
			);
			name = Products;
			sourceTree = "<group>";
		};
		03DBB02D2CD40AB500E288F4 /* VolumeControl */ = {
			isa = PBXGroup;
			children = (
				03814F542CD565CC0036A90F /* Utilities */,
				03814F4F2CD53A140036A90F /* Resources */,
				03814F4A2CD42EB00036A90F /* Views */,
				03814F492CD42EA40036A90F /* ViewModels */,
				03DBB02E2CD40AB500E288F4 /* VolumeControlApp.swift */,
				03DBB0322CD40AB600E288F4 /* Assets.xcassets */,
				03DBB0342CD40AB600E288F4 /* Preview Content */,
			);
			path = VolumeControl;
			sourceTree = "<group>";
		};
		03DBB0342CD40AB600E288F4 /* Preview Content */ = {
			isa = PBXGroup;
			children = (
				03DBB0352CD40AB600E288F4 /* Preview Assets.xcassets */,
			);
			path = "Preview Content";
			sourceTree = "<group>";
		};
		03DBB03E2CD40AB600E288F4 /* VolumeControlTests */ = {
			isa = PBXGroup;
			children = (
				03DBB03F2CD40AB600E288F4 /* VolumeControlTests.swift */,
			);
			path = VolumeControlTests;
			sourceTree = "<group>";
		};
		03DBB0482CD40AB600E288F4 /* VolumeControlUITests */ = {
			isa = PBXGroup;
			children = (
				03DBB0492CD40AB600E288F4 /* VolumeControlUITests.swift */,
				03DBB04B2CD40AB600E288F4 /* VolumeControlUITestsLaunchTests.swift */,
			);
			path = VolumeControlUITests;
			sourceTree = "<group>";
		};
/* End PBXGroup section */

/* Begin PBXNativeTarget section */
		03DBB02A2CD40AB500E288F4 /* VolumeControl */ = {
			isa = PBXNativeTarget;
			buildConfigurationList = 03DBB04F2CD40AB600E288F4 /* Build configuration list for PBXNativeTarget "VolumeControl" */;
			buildPhases = (
				03DBB0272CD40AB500E288F4 /* Sources */,
				03DBB0282CD40AB500E288F4 /* Frameworks */,
				03DBB0292CD40AB500E288F4 /* Resources */,
			);
			buildRules = (
			);
			dependencies = (
			);
			name = VolumeControl;
			productName = VolumeControl;
			productReference = 03DBB02B2CD40AB500E288F4 /* VolumeControl.app */;
			productType = "com.apple.product-type.application";
		};
		03DBB03A2CD40AB600E288F4 /* VolumeControlTests */ = {
			isa = PBXNativeTarget;
			buildConfigurationList = 03DBB0522CD40AB600E288F4 /* Build configuration list for PBXNativeTarget "VolumeControlTests" */;
			buildPhases = (
				03DBB0372CD40AB600E288F4 /* Sources */,
				03DBB0382CD40AB600E288F4 /* Frameworks */,
				03DBB0392CD40AB600E288F4 /* Resources */,
			);
			buildRules = (
			);
			dependencies = (
				03DBB03D2CD40AB600E288F4 /* PBXTargetDependency */,
			);
			name = VolumeControlTests;
			productName = VolumeControlTests;
			productReference = 03DBB03B2CD40AB600E288F4 /* VolumeControlTests.xctest */;
			productType = "com.apple.product-type.bundle.unit-test";
		};
		03DBB0442CD40AB600E288F4 /* VolumeControlUITests */ = {
			isa = PBXNativeTarget;
			buildConfigurationList = 03DBB0552CD40AB600E288F4 /* Build configuration list for PBXNativeTarget "VolumeControlUITests" */;
			buildPhases = (
				03DBB0412CD40AB600E288F4 /* Sources */,
				03DBB0422CD40AB600E288F4 /* Frameworks */,
				03DBB0432CD40AB600E288F4 /* Resources */,
			);
			buildRules = (
			);
			dependencies = (
				03DBB0472CD40AB600E288F4 /* PBXTargetDependency */,
			);
			name = VolumeControlUITests;
			productName = VolumeControlUITests;
			productReference = 03DBB0452CD40AB600E288F4 /* VolumeControlUITests.xctest */;
			productType = "com.apple.product-type.bundle.ui-testing";
		};
/* End PBXNativeTarget section */

/* Begin PBXProject section */
		03DBB0232CD40AB500E288F4 /* Project object */ = {
			isa = PBXProject;
			attributes = {
				BuildIndependentTargetsInParallel = 1;
				LastSwiftUpdateCheck = 1540;
				LastUpgradeCheck = 1540;
				TargetAttributes = {
					03DBB02A2CD40AB500E288F4 = {
						CreatedOnToolsVersion = 15.4;
					};
					03DBB03A2CD40AB600E288F4 = {
						CreatedOnToolsVersion = 15.4;
						TestTargetID = 03DBB02A2CD40AB500E288F4;
					};
					03DBB0442CD40AB600E288F4 = {
						CreatedOnToolsVersion = 15.4;
						TestTargetID = 03DBB02A2CD40AB500E288F4;
					};
				};
			};
			buildConfigurationList = 03DBB0262CD40AB500E288F4 /* Build configuration list for PBXProject "VolumeControl" */;
			compatibilityVersion = "Xcode 14.0";
			developmentRegion = en;
			hasScannedForEncodings = 0;
			knownRegions = (
				en,
				Base,
			);
			mainGroup = 03DBB0222CD40AB500E288F4;
			productRefGroup = 03DBB02C2CD40AB500E288F4 /* Products */;
			projectDirPath = "";
			projectRoot = "";
			targets = (
				03DBB02A2CD40AB500E288F4 /* VolumeControl */,
				03DBB03A2CD40AB600E288F4 /* VolumeControlTests */,
				03DBB0442CD40AB600E288F4 /* VolumeControlUITests */,
			);
		};
/* End PBXProject section */

/* Begin PBXResourcesBuildPhase section */
		03DBB0292CD40AB500E288F4 /* Resources */ = {
			isa = PBXResourcesBuildPhase;
			buildActionMask = 2147483647;
			files = (
				03DBB0362CD40AB600E288F4 /* Preview Assets.xcassets in Resources */,
				03814F512CD53A260036A90F /* background-music.mp3 in Resources */,
				03DBB0332CD40AB600E288F4 /* Assets.xcassets in Resources */,
			);
			runOnlyForDeploymentPostprocessing = 0;
		};
		03DBB0392CD40AB600E288F4 /* Resources */ = {
			isa = PBXResourcesBuildPhase;
			buildActionMask = 2147483647;
			files = (
			);
			runOnlyForDeploymentPostprocessing = 0;
		};
		03DBB0432CD40AB600E288F4 /* Resources */ = {
			isa = PBXResourcesBuildPhase;
			buildActionMask = 2147483647;
			files = (
			);
			runOnlyForDeploymentPostprocessing = 0;
		};
/* End PBXResourcesBuildPhase section */

/* Begin PBXSourcesBuildPhase section */
		03DBB0272CD40AB500E288F4 /* Sources */ = {
			isa = PBXSourcesBuildPhase;
			buildActionMask = 2147483647;
			files = (
				03814F562CD565D70036A90F /* UIApplication+Extensions.swift in Sources */,
				03814F532CD561EB0036A90F /* VolumeControlViewModel.swift in Sources */,
				03DBB0312CD40AB500E288F4 /* ContentView.swift in Sources */,
				03DBB02F2CD40AB500E288F4 /* VolumeControlApp.swift in Sources */,
				03814F4E2CD439580036A90F /* CustomSlider.swift in Sources */,
			);
			runOnlyForDeploymentPostprocessing = 0;
		};
		03DBB0372CD40AB600E288F4 /* Sources */ = {
			isa = PBXSourcesBuildPhase;
			buildActionMask = 2147483647;
			files = (
				03DBB0402CD40AB600E288F4 /* VolumeControlTests.swift in Sources */,
			);
			runOnlyForDeploymentPostprocessing = 0;
		};
		03DBB0412CD40AB600E288F4 /* Sources */ = {
			isa = PBXSourcesBuildPhase;
			buildActionMask = 2147483647;
			files = (
				03DBB04C2CD40AB600E288F4 /* VolumeControlUITestsLaunchTests.swift in Sources */,
				03DBB04A2CD40AB600E288F4 /* VolumeControlUITests.swift in Sources */,
			);
			runOnlyForDeploymentPostprocessing = 0;
		};
/* End PBXSourcesBuildPhase section */

/* Begin PBXTargetDependency section */
		03DBB03D2CD40AB600E288F4 /* PBXTargetDependency */ = {
			isa = PBXTargetDependency;
			target = 03DBB02A2CD40AB500E288F4 /* VolumeControl */;
			targetProxy = 03DBB03C2CD40AB600E288F4 /* PBXContainerItemProxy */;
		};
		03DBB0472CD40AB600E288F4 /* PBXTargetDependency */ = {
			isa = PBXTargetDependency;
			target = 03DBB02A2CD40AB500E288F4 /* VolumeControl */;
			targetProxy = 03DBB0462CD40AB600E288F4 /* PBXContainerItemProxy */;
		};
/* End PBXTargetDependency section */

/* Begin XCBuildConfiguration section */
		03DBB04D2CD40AB600E288F4 /* Debug */ = {
			isa = XCBuildConfiguration;
			buildSettings = {
				ALWAYS_SEARCH_USER_PATHS = NO;
				ASSETCATALOG_COMPILER_GENERATE_SWIFT_ASSET_SYMBOL_EXTENSIONS = YES;
				CLANG_ANALYZER_NONNULL = YES;
				CLANG_ANALYZER_NUMBER_OBJECT_CONVERSION = YES_AGGRESSIVE;
				CLANG_CXX_LANGUAGE_STANDARD = "gnu++20";
				CLANG_ENABLE_MODULES = YES;
				CLANG_ENABLE_OBJC_ARC = YES;
				CLANG_ENABLE_OBJC_WEAK = YES;
				CLANG_WARN_BLOCK_CAPTURE_AUTORELEASING = YES;
				CLANG_WARN_BOOL_CONVERSION = YES;
				CLANG_WARN_COMMA = YES;
				CLANG_WARN_CONSTANT_CONVERSION = YES;
				CLANG_WARN_DEPRECATED_OBJC_IMPLEMENTATIONS = YES;
				CLANG_WARN_DIRECT_OBJC_ISA_USAGE = YES_ERROR;
				CLANG_WARN_DOCUMENTATION_COMMENTS = YES;
				CLANG_WARN_EMPTY_BODY = YES;
				CLANG_WARN_ENUM_CONVERSION = YES;
				CLANG_WARN_INFINITE_RECURSION = YES;
				CLANG_WARN_INT_CONVERSION = YES;
				CLANG_WARN_NON_LITERAL_NULL_CONVERSION = YES;
				CLANG_WARN_OBJC_IMPLICIT_RETAIN_SELF = YES;
				CLANG_WARN_OBJC_LITERAL_CONVERSION = YES;
				CLANG_WARN_OBJC_ROOT_CLASS = YES_ERROR;
				CLANG_WARN_QUOTED_INCLUDE_IN_FRAMEWORK_HEADER = YES;
				CLANG_WARN_RANGE_LOOP_ANALYSIS = YES;
				CLANG_WARN_STRICT_PROTOTYPES = YES;
				CLANG_WARN_SUSPICIOUS_MOVE = YES;
				CLANG_WARN_UNGUARDED_AVAILABILITY = YES_AGGRESSIVE;
				CLANG_WARN_UNREACHABLE_CODE = YES;
				CLANG_WARN__DUPLICATE_METHOD_MATCH = YES;
				COPY_PHASE_STRIP = NO;
				DEBUG_INFORMATION_FORMAT = dwarf;
				ENABLE_STRICT_OBJC_MSGSEND = YES;
				ENABLE_TESTABILITY = YES;
				ENABLE_USER_SCRIPT_SANDBOXING = YES;
				GCC_C_LANGUAGE_STANDARD = gnu17;
				GCC_DYNAMIC_NO_PIC = NO;
				GCC_NO_COMMON_BLOCKS = YES;
				GCC_OPTIMIZATION_LEVEL = 0;
				GCC_PREPROCESSOR_DEFINITIONS = (
					"DEBUG=1",
					"$(inherited)",
				);
				GCC_WARN_64_TO_32_BIT_CONVERSION = YES;
				GCC_WARN_ABOUT_RETURN_TYPE = YES_ERROR;
				GCC_WARN_UNDECLARED_SELECTOR = YES;
				GCC_WARN_UNINITIALIZED_AUTOS = YES_AGGRESSIVE;
				GCC_WARN_UNUSED_FUNCTION = YES;
				GCC_WARN_UNUSED_VARIABLE = YES;
				IPHONEOS_DEPLOYMENT_TARGET = 17.5;
				LOCALIZATION_PREFERS_STRING_CATALOGS = YES;
				MTL_ENABLE_DEBUG_INFO = INCLUDE_SOURCE;
				MTL_FAST_MATH = YES;
				ONLY_ACTIVE_ARCH = YES;
				SDKROOT = iphoneos;
				SWIFT_ACTIVE_COMPILATION_CONDITIONS = "DEBUG $(inherited)";
				SWIFT_OPTIMIZATION_LEVEL = "-Onone";
			};
			name = Debug;
		};
		03DBB04E2CD40AB600E288F4 /* Release */ = {
			isa = XCBuildConfiguration;
			buildSettings = {
				ALWAYS_SEARCH_USER_PATHS = NO;
				ASSETCATALOG_COMPILER_GENERATE_SWIFT_ASSET_SYMBOL_EXTENSIONS = YES;
				CLANG_ANALYZER_NONNULL = YES;
				CLANG_ANALYZER_NUMBER_OBJECT_CONVERSION = YES_AGGRESSIVE;
				CLANG_CXX_LANGUAGE_STANDARD = "gnu++20";
				CLANG_ENABLE_MODULES = YES;
				CLANG_ENABLE_OBJC_ARC = YES;
				CLANG_ENABLE_OBJC_WEAK = YES;
				CLANG_WARN_BLOCK_CAPTURE_AUTORELEASING = YES;
				CLANG_WARN_BOOL_CONVERSION = YES;
				CLANG_WARN_COMMA = YES;
				CLANG_WARN_CONSTANT_CONVERSION = YES;
				CLANG_WARN_DEPRECATED_OBJC_IMPLEMENTATIONS = YES;
				CLANG_WARN_DIRECT_OBJC_ISA_USAGE = YES_ERROR;
				CLANG_WARN_DOCUMENTATION_COMMENTS = YES;
				CLANG_WARN_EMPTY_BODY = YES;
				CLANG_WARN_ENUM_CONVERSION = YES;
				CLANG_WARN_INFINITE_RECURSION = YES;
				CLANG_WARN_INT_CONVERSION = YES;
				CLANG_WARN_NON_LITERAL_NULL_CONVERSION = YES;
				CLANG_WARN_OBJC_IMPLICIT_RETAIN_SELF = YES;
				CLANG_WARN_OBJC_LITERAL_CONVERSION = YES;
				CLANG_WARN_OBJC_ROOT_CLASS = YES_ERROR;
				CLANG_WARN_QUOTED_INCLUDE_IN_FRAMEWORK_HEADER = YES;
				CLANG_WARN_RANGE_LOOP_ANALYSIS = YES;
				CLANG_WARN_STRICT_PROTOTYPES = YES;
				CLANG_WARN_SUSPICIOUS_MOVE = YES;
				CLANG_WARN_UNGUARDED_AVAILABILITY = YES_AGGRESSIVE;
				CLANG_WARN_UNREACHABLE_CODE = YES;
				CLANG_WARN__DUPLICATE_METHOD_MATCH = YES;
				COPY_PHASE_STRIP = NO;
				DEBUG_INFORMATION_FORMAT = "dwarf-with-dsym";
				ENABLE_NS_ASSERTIONS = NO;
				ENABLE_STRICT_OBJC_MSGSEND = YES;
				ENABLE_USER_SCRIPT_SANDBOXING = YES;
				GCC_C_LANGUAGE_STANDARD = gnu17;
				GCC_NO_COMMON_BLOCKS = YES;
				GCC_WARN_64_TO_32_BIT_CONVERSION = YES;
				GCC_WARN_ABOUT_RETURN_TYPE = YES_ERROR;
				GCC_WARN_UNDECLARED_SELECTOR = YES;
				GCC_WARN_UNINITIALIZED_AUTOS = YES_AGGRESSIVE;
				GCC_WARN_UNUSED_FUNCTION = YES;
				GCC_WARN_UNUSED_VARIABLE = YES;
				IPHONEOS_DEPLOYMENT_TARGET = 17.5;
				LOCALIZATION_PREFERS_STRING_CATALOGS = YES;
				MTL_ENABLE_DEBUG_INFO = NO;
				MTL_FAST_MATH = YES;
				SDKROOT = iphoneos;
				SWIFT_COMPILATION_MODE = wholemodule;
				VALIDATE_PRODUCT = YES;
			};
			name = Release;
		};
		03DBB0502CD40AB600E288F4 /* Debug */ = {
			isa = XCBuildConfiguration;
			buildSettings = {
				ASSETCATALOG_COMPILER_APPICON_NAME = AppIcon;
				ASSETCATALOG_COMPILER_GLOBAL_ACCENT_COLOR_NAME = AccentColor;
				CODE_SIGN_STYLE = Automatic;
				CURRENT_PROJECT_VERSION = 1;
				DEVELOPMENT_ASSET_PATHS = "\"VolumeControl/Preview Content\"";
				DEVELOPMENT_TEAM = V2SK48XXC3;
				ENABLE_PREVIEWS = YES;
				GENERATE_INFOPLIST_FILE = YES;
				INFOPLIST_KEY_UIApplicationSceneManifest_Generation = YES;
				INFOPLIST_KEY_UIApplicationSupportsIndirectInputEvents = YES;
				INFOPLIST_KEY_UILaunchScreen_Generation = YES;
				INFOPLIST_KEY_UISupportedInterfaceOrientations_iPad = "UIInterfaceOrientationPortrait UIInterfaceOrientationPortraitUpsideDown UIInterfaceOrientationLandscapeLeft UIInterfaceOrientationLandscapeRight";
				INFOPLIST_KEY_UISupportedInterfaceOrientations_iPhone = "UIInterfaceOrientationPortrait UIInterfaceOrientationLandscapeLeft UIInterfaceOrientationLandscapeRight";
				LD_RUNPATH_SEARCH_PATHS = (
					"$(inherited)",
					"@executable_path/Frameworks",
				);
				MARKETING_VERSION = 1.0;
				PRODUCT_BUNDLE_IDENTIFIER = com.rteixeira.VolumeControl;
				PRODUCT_NAME = "$(TARGET_NAME)";
				SWIFT_EMIT_LOC_STRINGS = YES;
				SWIFT_VERSION = 5.0;
				TARGETED_DEVICE_FAMILY = "1,2";
			};
			name = Debug;
		};
		03DBB0512CD40AB600E288F4 /* Release */ = {
			isa = XCBuildConfiguration;
			buildSettings = {
				ASSETCATALOG_COMPILER_APPICON_NAME = AppIcon;
				ASSETCATALOG_COMPILER_GLOBAL_ACCENT_COLOR_NAME = AccentColor;
				CODE_SIGN_STYLE = Automatic;
				CURRENT_PROJECT_VERSION = 1;
				DEVELOPMENT_ASSET_PATHS = "\"VolumeControl/Preview Content\"";
				DEVELOPMENT_TEAM = V2SK48XXC3;
				ENABLE_PREVIEWS = YES;
				GENERATE_INFOPLIST_FILE = YES;
				INFOPLIST_KEY_UIApplicationSceneManifest_Generation = YES;
				INFOPLIST_KEY_UIApplicationSupportsIndirectInputEvents = YES;
				INFOPLIST_KEY_UILaunchScreen_Generation = YES;
				INFOPLIST_KEY_UISupportedInterfaceOrientations_iPad = "UIInterfaceOrientationPortrait UIInterfaceOrientationPortraitUpsideDown UIInterfaceOrientationLandscapeLeft UIInterfaceOrientationLandscapeRight";
				INFOPLIST_KEY_UISupportedInterfaceOrientations_iPhone = "UIInterfaceOrientationPortrait UIInterfaceOrientationLandscapeLeft UIInterfaceOrientationLandscapeRight";
				LD_RUNPATH_SEARCH_PATHS = (
					"$(inherited)",
					"@executable_path/Frameworks",
				);
				MARKETING_VERSION = 1.0;
				PRODUCT_BUNDLE_IDENTIFIER = com.rteixeira.VolumeControl;
				PRODUCT_NAME = "$(TARGET_NAME)";
				SWIFT_EMIT_LOC_STRINGS = YES;
				SWIFT_VERSION = 5.0;
				TARGETED_DEVICE_FAMILY = "1,2";
			};
			name = Release;
		};
		03DBB0532CD40AB600E288F4 /* Debug */ = {
			isa = XCBuildConfiguration;
			buildSettings = {
				ALWAYS_EMBED_SWIFT_STANDARD_LIBRARIES = YES;
				BUNDLE_LOADER = "$(TEST_HOST)";
				CODE_SIGN_STYLE = Automatic;
				CURRENT_PROJECT_VERSION = 1;
				GENERATE_INFOPLIST_FILE = YES;
				IPHONEOS_DEPLOYMENT_TARGET = 17.5;
				MARKETING_VERSION = 1.0;
				PRODUCT_BUNDLE_IDENTIFIER = com.rteixeira.VolumeControlTests;
				PRODUCT_NAME = "$(TARGET_NAME)";
				SWIFT_EMIT_LOC_STRINGS = NO;
				SWIFT_VERSION = 5.0;
				TARGETED_DEVICE_FAMILY = "1,2";
				TEST_HOST = "$(BUILT_PRODUCTS_DIR)/VolumeControl.app/$(BUNDLE_EXECUTABLE_FOLDER_PATH)/VolumeControl";
			};
			name = Debug;
		};
		03DBB0542CD40AB600E288F4 /* Release */ = {
			isa = XCBuildConfiguration;
			buildSettings = {
				ALWAYS_EMBED_SWIFT_STANDARD_LIBRARIES = YES;
				BUNDLE_LOADER = "$(TEST_HOST)";
				CODE_SIGN_STYLE = Automatic;
				CURRENT_PROJECT_VERSION = 1;
				GENERATE_INFOPLIST_FILE = YES;
				IPHONEOS_DEPLOYMENT_TARGET = 17.5;
				MARKETING_VERSION = 1.0;
				PRODUCT_BUNDLE_IDENTIFIER = com.rteixeira.VolumeControlTests;
				PRODUCT_NAME = "$(TARGET_NAME)";
				SWIFT_EMIT_LOC_STRINGS = NO;
				SWIFT_VERSION = 5.0;
				TARGETED_DEVICE_FAMILY = "1,2";
				TEST_HOST = "$(BUILT_PRODUCTS_DIR)/VolumeControl.app/$(BUNDLE_EXECUTABLE_FOLDER_PATH)/VolumeControl";
			};
			name = Release;
		};
		03DBB0562CD40AB600E288F4 /* Debug */ = {
			isa = XCBuildConfiguration;
			buildSettings = {
				ALWAYS_EMBED_SWIFT_STANDARD_LIBRARIES = YES;
				CODE_SIGN_STYLE = Automatic;
				CURRENT_PROJECT_VERSION = 1;
				GENERATE_INFOPLIST_FILE = YES;
				MARKETING_VERSION = 1.0;
				PRODUCT_BUNDLE_IDENTIFIER = com.rteixeira.VolumeControlUITests;
				PRODUCT_NAME = "$(TARGET_NAME)";
				SWIFT_EMIT_LOC_STRINGS = NO;
				SWIFT_VERSION = 5.0;
				TARGETED_DEVICE_FAMILY = "1,2";
				TEST_TARGET_NAME = VolumeControl;
			};
			name = Debug;
		};
		03DBB0572CD40AB600E288F4 /* Release */ = {
			isa = XCBuildConfiguration;
			buildSettings = {
				ALWAYS_EMBED_SWIFT_STANDARD_LIBRARIES = YES;
				CODE_SIGN_STYLE = Automatic;
				CURRENT_PROJECT_VERSION = 1;
				GENERATE_INFOPLIST_FILE = YES;
				MARKETING_VERSION = 1.0;
				PRODUCT_BUNDLE_IDENTIFIER = com.rteixeira.VolumeControlUITests;
				PRODUCT_NAME = "$(TARGET_NAME)";
				SWIFT_EMIT_LOC_STRINGS = NO;
				SWIFT_VERSION = 5.0;
				TARGETED_DEVICE_FAMILY = "1,2";
				TEST_TARGET_NAME = VolumeControl;
			};
			name = Release;
		};
/* End XCBuildConfiguration section */

/* Begin XCConfigurationList section */
		03DBB0262CD40AB500E288F4 /* Build configuration list for PBXProject "VolumeControl" */ = {
			isa = XCConfigurationList;
			buildConfigurations = (
				03DBB04D2CD40AB600E288F4 /* Debug */,
				03DBB04E2CD40AB600E288F4 /* Release */,
			);
			defaultConfigurationIsVisible = 0;
			defaultConfigurationName = Release;
		};
		03DBB04F2CD40AB600E288F4 /* Build configuration list for PBXNativeTarget "VolumeControl" */ = {
			isa = XCConfigurationList;
			buildConfigurations = (
				03DBB0502CD40AB600E288F4 /* Debug */,
				03DBB0512CD40AB600E288F4 /* Release */,
			);
			defaultConfigurationIsVisible = 0;
			defaultConfigurationName = Release;
		};
		03DBB0522CD40AB600E288F4 /* Build configuration list for PBXNativeTarget "VolumeControlTests" */ = {
			isa = XCConfigurationList;
			buildConfigurations = (
				03DBB0532CD40AB600E288F4 /* Debug */,
				03DBB0542CD40AB600E288F4 /* Release */,
			);
			defaultConfigurationIsVisible = 0;
			defaultConfigurationName = Release;
		};
		03DBB0552CD40AB600E288F4 /* Build configuration list for PBXNativeTarget "VolumeControlUITests" */ = {
			isa = XCConfigurationList;
			buildConfigurations = (
				03DBB0562CD40AB600E288F4 /* Debug */,
				03DBB0572CD40AB600E288F4 /* Release */,
			);
			defaultConfigurationIsVisible = 0;
			defaultConfigurationName = Release;
		};
/* End XCConfigurationList section */
	};
	rootObject = 03DBB0232CD40AB500E288F4 /* Project object */;
}
